Microsoft Visual Studio Solution File, Format Version 12.00
# Visual Studio Version 17
VisualStudioVersion = 17.5.2.0
MinimumVisualStudioVersion = 10.0.40219.1
Project("{FAE04EC0-301F-11D3-BF4B-00C04F79EFBC}") = "TrappistOS", "TrappistOS.csproj", "{EC61D8E1-9B8D-FC95-F9C2-D60FA6C1DF41}"
EndProject
Global
	GlobalSection(SolutionConfigurationPlatforms) = preSolution
		Debug|Any CPU = Debug|Any CPU
		Release|Any CPU = Release|Any CPU
	EndGlobalSection
	GlobalSection(ProjectConfigurationPlatforms) = postSolution
		{EC61D8E1-9B8D-FC95-F9C2-D60FA6C1DF41}.Debug|Any CPU.ActiveCfg = Debug|Any CPU
		{EC61D8E1-9B8D-FC95-F9C2-D60FA6C1DF41}.Debug|Any CPU.Build.0 = Debug|Any CPU
		{EC61D8E1-9B8D-FC95-F9C2-D60FA6C1DF41}.Release|Any CPU.ActiveCfg = Release|Any CPU
		{EC61D8E1-9B8D-FC95-F9C2-D60FA6C1DF41}.Release|Any CPU.Build.0 = Release|Any CPU
	EndGlobalSection
	GlobalSection(SolutionProperties) = preSolution
		HideSolutionNode = FALSE
	EndGlobalSection
	GlobalSection(ExtensibilityGlobals) = postSolution
		SolutionGuid = {04FDFFE3-A17A-4ACB-9630-4F1880337246}
	EndGlobalSection
EndGlobal
